
Microsoft Visual Studio Solution File, Format Version 12.00
# Visual Studio 2013
VisualStudioVersion = 12.0.31101.0
MinimumVisualStudioVersion = 10.0.40219.1
Project("{FAE04EC0-301F-11D3-BF4B-00C04F79EFBC}") = "CabExtract", "src\CabExtract\CabExtract.csproj", "{B4B174AB-5C7D-48AE-A406-C43251254787}"
EndProject
Project("{FAE04EC0-301F-11D3-BF4B-00C04F79EFBC}") = "test2xml", "src\test2xml.csproj", "{9F646987-2F42-411C-A513-44A8942F2681}"
EndProject
Global
	GlobalSection(SolutionConfigurationPlatforms) = preSolution
		Debug|Any CPU = Debug|Any CPU
		Release|Any CPU = Release|Any CPU
	EndGlobalSection
	GlobalSection(ProjectConfigurationPlatforms) = postSolution
		{B4B174AB-5C7D-48AE-A406-C43251254787}.Debug|Any CPU.ActiveCfg = Debug|Any CPU
		{B4B174AB-5C7D-48AE-A406-C43251254787}.Debug|Any CPU.Build.0 = Debug|Any CPU
		{B4B174AB-5C7D-48AE-A406-C43251254787}.Release|Any CPU.ActiveCfg = Release|Any CPU
		{B4B174AB-5C7D-48AE-A406-C43251254787}.Release|Any CPU.Build.0 = Release|Any CPU
		{9F646987-2F42-411C-A513-44A8942F2681}.Debug|Any CPU.ActiveCfg = Debug|Any CPU
		{9F646987-2F42-411C-A513-44A8942F2681}.Debug|Any CPU.Build.0 = Debug|Any CPU
		{9F646987-2F42-411C-A513-44A8942F2681}.Release|Any CPU.ActiveCfg = Release|Any CPU
		{9F646987-2F42-411C-A513-44A8942F2681}.Release|Any CPU.Build.0 = Release|Any CPU
	EndGlobalSection
	GlobalSection(SolutionProperties) = preSolution
		HideSolutionNode = FALSE
	EndGlobalSection
EndGlobal
